// !$*UTF8*$!
{
	archiveVersion = 1;
	classes = {
	};
	objectVersion = 50;
	objects = {

/* Begin PBXBuildFile section */
		A17343DA26FCC037003C4B0B /* Mi_Primera_DemoApp.swift in Sources */ = {isa = PBXBuildFile; fileRef = A17343C726FCC035003C4B0B /* Mi_Primera_DemoApp.swift */; };
		A17343DB26FCC037003C4B0B /* Mi_Primera_DemoApp.swift in Sources */ = {isa = PBXBuildFile; fileRef = A17343C726FCC035003C4B0B /* Mi_Primera_DemoApp.swift */; };
		A17343DC26FCC037003C4B0B /* ContentView.swift in Sources */ = {isa = PBXBuildFile; fileRef = A17343C826FCC035003C4B0B /* ContentView.swift */; };
		A17343DD26FCC037003C4B0B /* ContentView.swift in Sources */ = {isa = PBXBuildFile; fileRef = A17343C826FCC035003C4B0B /* ContentView.swift */; };
		A17343DE26FCC037003C4B0B /* Assets.xcassets in Resources */ = {isa = PBXBuildFile; fileRef = A17343C926FCC037003C4B0B /* Assets.xcassets */; };
		A17343DF26FCC037003C4B0B /* Assets.xcassets in Resources */ = {isa = PBXBuildFile; fileRef = A17343C926FCC037003C4B0B /* Assets.xcassets */; };
/* End PBXBuildFile section */

/* Begin PBXFileReference section */
		A17343C726FCC035003C4B0B /* Mi_Primera_DemoApp.swift */ = {isa = PBXFileReference; lastKnownFileType = sourcecode.swift; path = Mi_Primera_DemoApp.swift; sourceTree = "<group>"; };
		A17343C826FCC035003C4B0B /* ContentView.swift */ = {isa = PBXFileReference; lastKnownFileType = sourcecode.swift; path = ContentView.swift; sourceTree = "<group>"; };
		A17343C926FCC037003C4B0B /* Assets.xcassets */ = {isa = PBXFileReference; lastKnownFileType = folder.assetcatalog; path = Assets.xcassets; sourceTree = "<group>"; };
		A17343CE26FCC037003C4B0B /* Mi Primera Demo.app */ = {isa = PBXFileReference; explicitFileType = wrapper.application; includeInIndex = 0; path = "Mi Primera Demo.app"; sourceTree = BUILT_PRODUCTS_DIR; };
		A17343D126FCC037003C4B0B /* Info.plist */ = {isa = PBXFileReference; lastKnownFileType = text.plist.xml; path = Info.plist; sourceTree = "<group>"; };
		A17343D626FCC037003C4B0B /* Mi Primera Demo.app */ = {isa = PBXFileReference; explicitFileType = wrapper.application; includeInIndex = 0; path = "Mi Primera Demo.app"; sourceTree = BUILT_PRODUCTS_DIR; };
		A17343D826FCC037003C4B0B /* Info.plist */ = {isa = PBXFileReference; lastKnownFileType = text.plist.xml; path = Info.plist; sourceTree = "<group>"; };
		A17343D926FCC037003C4B0B /* macOS.entitlements */ = {isa = PBXFileReference; lastKnownFileType = text.plist.entitlements; path = macOS.entitlements; sourceTree = "<group>"; };
/* End PBXFileReference section */

/* Begin PBXFrameworksBuildPhase section */
		A17343CB26FCC037003C4B0B /* Frameworks */ = {
			isa = PBXFrameworksBuildPhase;
			buildActionMask = 2147483647;
			files = (
			);
			runOnlyForDeploymentPostprocessing = 0;
		};
		A17343D326FCC037003C4B0B /* Frameworks */ = {
			isa = PBXFrameworksBuildPhase;
			buildActionMask = 2147483647;
			files = (
			);
			runOnlyForDeploymentPostprocessing = 0;
		};
/* End PBXFrameworksBuildPhase section */

/* Begin PBXGroup section */
		A17343C126FCC035003C4B0B = {
			isa = PBXGroup;
			children = (
				A17343C626FCC035003C4B0B /* Shared */,
				A17343D026FCC037003C4B0B /* iOS */,
				A17343D726FCC037003C4B0B /* macOS */,
				A17343CF26FCC037003C4B0B /* Products */,
			);
			sourceTree = "<group>";
		};
		A17343C626FCC035003C4B0B /* Shared */ = {
			isa = PBXGroup;
			children = (
				A17343C726FCC035003C4B0B /* Mi_Primera_DemoApp.swift */,
				A17343C826FCC035003C4B0B /* ContentView.swift */,
				A17343C926FCC037003C4B0B /* Assets.xcassets */,
			);
			path = Shared;
			sourceTree = "<group>";
		};
		A17343CF26FCC037003C4B0B /* Products */ = {
			isa = PBXGroup;
			children = (
				A17343CE26FCC037003C4B0B /* Mi Primera Demo.app */,
				A17343D626FCC037003C4B0B /* Mi Primera Demo.app */,
			);
			name = Products;
			sourceTree = "<group>";
		};
		A17343D026FCC037003C4B0B /* iOS */ = {
			isa = PBXGroup;
			children = (
				A17343D126FCC037003C4B0B /* Info.plist */,
			);
			path = iOS;
			sourceTree = "<group>";
		};
		A17343D726FCC037003C4B0B /* macOS */ = {
			isa = PBXGroup;
			children = (
				A17343D826FCC037003C4B0B /* Info.plist */,
				A17343D926FCC037003C4B0B /* macOS.entitlements */,
			);
			path = macOS;
			sourceTree = "<group>";
		};
/* End PBXGroup section */

/* Begin PBXNativeTarget section */
		A17343CD26FCC037003C4B0B /* Mi Primera Demo (iOS) */ = {
			isa = PBXNativeTarget;
			buildConfigurationList = A17343E226FCC037003C4B0B /* Build configuration list for PBXNativeTarget "Mi Primera Demo (iOS)" */;
			buildPhases = (
				A17343CA26FCC037003C4B0B /* Sources */,
				A17343CB26FCC037003C4B0B /* Frameworks */,
				A17343CC26FCC037003C4B0B /* Resources */,
			);
			buildRules = (
			);
			dependencies = (
			);
			name = "Mi Primera Demo (iOS)";
			productName = "Mi Primera Demo (iOS)";
			productReference = A17343CE26FCC037003C4B0B /* Mi Primera Demo.app */;
			productType = "com.apple.product-type.application";
		};
		A17343D526FCC037003C4B0B /* Mi Primera Demo (macOS) */ = {
			isa = PBXNativeTarget;
			buildConfigurationList = A17343E526FCC037003C4B0B /* Build configuration list for PBXNativeTarget "Mi Primera Demo (macOS)" */;
			buildPhases = (
				A17343D226FCC037003C4B0B /* Sources */,
				A17343D326FCC037003C4B0B /* Frameworks */,
				A17343D426FCC037003C4B0B /* Resources */,
			);
			buildRules = (
			);
			dependencies = (
			);
			name = "Mi Primera Demo (macOS)";
			productName = "Mi Primera Demo (macOS)";
			productReference = A17343D626FCC037003C4B0B /* Mi Primera Demo.app */;
			productType = "com.apple.product-type.application";
		};
/* End PBXNativeTarget section */

/* Begin PBXProject section */
		A17343C226FCC035003C4B0B /* Project object */ = {
			isa = PBXProject;
			attributes = {
				KnownAssetTags = (
					New,
				);
				LastSwiftUpdateCheck = 1250;
				LastUpgradeCheck = 1250;
				TargetAttributes = {
					A17343CD26FCC037003C4B0B = {
						CreatedOnToolsVersion = 12.5.1;
					};
					A17343D526FCC037003C4B0B = {
						CreatedOnToolsVersion = 12.5.1;
					};
				};
			};
			buildConfigurationList = A17343C526FCC035003C4B0B /* Build configuration list for PBXProject "Mi Primera Demo" */;
			compatibilityVersion = "Xcode 9.3";
			developmentRegion = en;
			hasScannedForEncodings = 0;
			knownRegions = (
				en,
				Base,
			);
			mainGroup = A17343C126FCC035003C4B0B;
			productRefGroup = A17343CF26FCC037003C4B0B /* Products */;
			projectDirPath = "";
			projectRoot = "";
			targets = (
				A17343CD26FCC037003C4B0B /* Mi Primera Demo (iOS) */,
				A17343D526FCC037003C4B0B /* Mi Primera Demo (macOS) */,
			);
		};
/* End PBXProject section */

/* Begin PBXResourcesBuildPhase section */
		A17343CC26FCC037003C4B0B /* Resources */ = {
			isa = PBXResourcesBuildPhase;
			buildActionMask = 2147483647;
			files = (
				A17343DE26FCC037003C4B0B /* Assets.xcassets in Resources */,
			);
			runOnlyForDeploymentPostprocessing = 0;
		};
		A17343D426FCC037003C4B0B /* Resources */ = {
			isa = PBXResourcesBuildPhase;
			buildActionMask = 2147483647;
			files = (
				A17343DF26FCC037003C4B0B /* Assets.xcassets in Resources */,
			);
			runOnlyForDeploymentPostprocessing = 0;
		};
/* End PBXResourcesBuildPhase section */

/* Begin PBXSourcesBuildPhase section */
		A17343CA26FCC037003C4B0B /* Sources */ = {
			isa = PBXSourcesBuildPhase;
			buildActionMask = 2147483647;
			files = (
				A17343DC26FCC037003C4B0B /* ContentView.swift in Sources */,
				A17343DA26FCC037003C4B0B /* Mi_Primera_DemoApp.swift in Sources */,
			);
			runOnlyForDeploymentPostprocessing = 0;
		};
		A17343D226FCC037003C4B0B /* Sources */ = {
			isa = PBXSourcesBuildPhase;
			buildActionMask = 2147483647;
			files = (
				A17343DD26FCC037003C4B0B /* ContentView.swift in Sources */,
				A17343DB26FCC037003C4B0B /* Mi_Primera_DemoApp.swift in Sources */,
			);
			runOnlyForDeploymentPostprocessing = 0;
		};
/* End PBXSourcesBuildPhase section */

/* Begin XCBuildConfiguration section */
		A17343E026FCC037003C4B0B /* Debug */ = {
			isa = XCBuildConfiguration;
			buildSettings = {
				ALWAYS_SEARCH_USER_PATHS = NO;
				CLANG_ANALYZER_NONNULL = YES;
				CLANG_ANALYZER_NUMBER_OBJECT_CONVERSION = YES_AGGRESSIVE;
				CLANG_CXX_LANGUAGE_STANDARD = "gnu++14";
				CLANG_CXX_LIBRARY = "libc++";
				CLANG_ENABLE_MODULES = YES;
				CLANG_ENABLE_OBJC_ARC = YES;
				CLANG_ENABLE_OBJC_WEAK = YES;
				CLANG_WARN_BLOCK_CAPTURE_AUTORELEASING = YES;
				CLANG_WARN_BOOL_CONVERSION = YES;
				CLANG_WARN_COMMA = YES;
				CLANG_WARN_CONSTANT_CONVERSION = YES;
				CLANG_WARN_DEPRECATED_OBJC_IMPLEMENTATIONS = YES;
				CLANG_WARN_DIRECT_OBJC_ISA_USAGE = YES_ERROR;
				CLANG_WARN_DOCUMENTATION_COMMENTS = YES;
				CLANG_WARN_EMPTY_BODY = YES;
				CLANG_WARN_ENUM_CONVERSION = YES;
				CLANG_WARN_INFINITE_RECURSION = YES;
				CLANG_WARN_INT_CONVERSION = YES;
				CLANG_WARN_NON_LITERAL_NULL_CONVERSION = YES;
				CLANG_WARN_OBJC_IMPLICIT_RETAIN_SELF = YES;
				CLANG_WARN_OBJC_LITERAL_CONVERSION = YES;
				CLANG_WARN_OBJC_ROOT_CLASS = YES_ERROR;
				CLANG_WARN_QUOTED_INCLUDE_IN_FRAMEWORK_HEADER = YES;
				CLANG_WARN_RANGE_LOOP_ANALYSIS = YES;
				CLANG_WARN_STRICT_PROTOTYPES = YES;
				CLANG_WARN_SUSPICIOUS_MOVE = YES;
				CLANG_WARN_UNGUARDED_AVAILABILITY = YES_AGGRESSIVE;
				CLANG_WARN_UNREACHABLE_CODE = YES;
				CLANG_WARN__DUPLICATE_METHOD_MATCH = YES;
				COPY_PHASE_STRIP = NO;
				DEBUG_INFORMATION_FORMAT = dwarf;
				ENABLE_STRICT_OBJC_MSGSEND = YES;
				ENABLE_TESTABILITY = YES;
				GCC_C_LANGUAGE_STANDARD = gnu11;
				GCC_DYNAMIC_NO_PIC = NO;
				GCC_NO_COMMON_BLOCKS = YES;
				GCC_OPTIMIZATION_LEVEL = 0;
				GCC_PREPROCESSOR_DEFINITIONS = (
					"DEBUG=1",
					"$(inherited)",
				);
				GCC_WARN_64_TO_32_BIT_CONVERSION = YES;
				GCC_WARN_ABOUT_RETURN_TYPE = YES_ERROR;
				GCC_WARN_UNDECLARED_SELECTOR = YES;
				GCC_WARN_UNINITIALIZED_AUTOS = YES_AGGRESSIVE;
				GCC_WARN_UNUSED_FUNCTION = YES;
				GCC_WARN_UNUSED_VARIABLE = YES;
				MTL_ENABLE_DEBUG_INFO = INCLUDE_SOURCE;
				MTL_FAST_MATH = YES;
				ONLY_ACTIVE_ARCH = YES;
				SWIFT_ACTIVE_COMPILATION_CONDITIONS = DEBUG;
				SWIFT_OPTIMIZATION_LEVEL = "-Onone";
			};
			name = Debug;
		};
		A17343E126FCC037003C4B0B /* Release */ = {
			isa = XCBuildConfiguration;
			buildSettings = {
				ALWAYS_SEARCH_USER_PATHS = NO;
				CLANG_ANALYZER_NONNULL = YES;
				CLANG_ANALYZER_NUMBER_OBJECT_CONVERSION = YES_AGGRESSIVE;
				CLANG_CXX_LANGUAGE_STANDARD = "gnu++14";
				CLANG_CXX_LIBRARY = "libc++";
				CLANG_ENABLE_MODULES = YES;
				CLANG_ENABLE_OBJC_ARC = YES;
				CLANG_ENABLE_OBJC_WEAK = YES;
				CLANG_WARN_BLOCK_CAPTURE_AUTORELEASING = YES;
				CLANG_WARN_BOOL_CONVERSION = YES;
				CLANG_WARN_COMMA = YES;
				CLANG_WARN_CONSTANT_CONVERSION = YES;
				CLANG_WARN_DEPRECATED_OBJC_IMPLEMENTATIONS = YES;
				CLANG_WARN_DIRECT_OBJC_ISA_USAGE = YES_ERROR;
				CLANG_WARN_DOCUMENTATION_COMMENTS = YES;
				CLANG_WARN_EMPTY_BODY = YES;
				CLANG_WARN_ENUM_CONVERSION = YES;
				CLANG_WARN_INFINITE_RECURSION = YES;
				CLANG_WARN_INT_CONVERSION = YES;
				CLANG_WARN_NON_LITERAL_NULL_CONVERSION = YES;
				CLANG_WARN_OBJC_IMPLICIT_RETAIN_SELF = YES;
				CLANG_WARN_OBJC_LITERAL_CONVERSION = YES;
				CLANG_WARN_OBJC_ROOT_CLASS = YES_ERROR;
				CLANG_WARN_QUOTED_INCLUDE_IN_FRAMEWORK_HEADER = YES;
				CLANG_WARN_RANGE_LOOP_ANALYSIS = YES;
				CLANG_WARN_STRICT_PROTOTYPES = YES;
				CLANG_WARN_SUSPICIOUS_MOVE = YES;
				CLANG_WARN_UNGUARDED_AVAILABILITY = YES_AGGRESSIVE;
				CLANG_WARN_UNREACHABLE_CODE = YES;
				CLANG_WARN__DUPLICATE_METHOD_MATCH = YES;
				COPY_PHASE_STRIP = NO;
				DEBUG_INFORMATION_FORMAT = "dwarf-with-dsym";
				ENABLE_NS_ASSERTIONS = NO;
				ENABLE_STRICT_OBJC_MSGSEND = YES;
				GCC_C_LANGUAGE_STANDARD = gnu11;
				GCC_NO_COMMON_BLOCKS = YES;
				GCC_WARN_64_TO_32_BIT_CONVERSION = YES;
				GCC_WARN_ABOUT_RETURN_TYPE = YES_ERROR;
				GCC_WARN_UNDECLARED_SELECTOR = YES;
				GCC_WARN_UNINITIALIZED_AUTOS = YES_AGGRESSIVE;
				GCC_WARN_UNUSED_FUNCTION = YES;
				GCC_WARN_UNUSED_VARIABLE = YES;
				MTL_ENABLE_DEBUG_INFO = NO;
				MTL_FAST_MATH = YES;
				SWIFT_COMPILATION_MODE = wholemodule;
				SWIFT_OPTIMIZATION_LEVEL = "-O";
			};
			name = Release;
		};
		A17343E326FCC037003C4B0B /* Debug */ = {
			isa = XCBuildConfiguration;
			buildSettings = {
				ASSETCATALOG_COMPILER_APPICON_NAME = AppIcon;
				ASSETCATALOG_COMPILER_GLOBAL_ACCENT_COLOR_NAME = AccentColor;
				CODE_SIGN_STYLE = Automatic;
				ENABLE_PREVIEWS = YES;
				INFOPLIST_FILE = iOS/Info.plist;
				IPHONEOS_DEPLOYMENT_TARGET = 14.0;
				LD_RUNPATH_SEARCH_PATHS = (
					"$(inherited)",
					"@executable_path/Frameworks",
				);
				PRODUCT_BUNDLE_IDENTIFIER = "aripoll.es.Mi-Primera-Demo";
				PRODUCT_NAME = "Mi Primera Demo";
				SDKROOT = iphoneos;
				SWIFT_VERSION = 5.0;
				TARGETED_DEVICE_FAMILY = "1,2";
			};
			name = Debug;
		};
		A17343E426FCC037003C4B0B /* Release */ = {
			isa = XCBuildConfiguration;
			buildSettings = {
				ASSETCATALOG_COMPILER_APPICON_NAME = AppIcon;
				ASSETCATALOG_COMPILER_GLOBAL_ACCENT_COLOR_NAME = AccentColor;
				CODE_SIGN_STYLE = Automatic;
				ENABLE_PREVIEWS = YES;
				INFOPLIST_FILE = iOS/Info.plist;
				IPHONEOS_DEPLOYMENT_TARGET = 14.0;
				LD_RUNPATH_SEARCH_PATHS = (
					"$(inherited)",
					"@executable_path/Frameworks",
				);
				PRODUCT_BUNDLE_IDENTIFIER = "aripoll.es.Mi-Primera-Demo";
				PRODUCT_NAME = "Mi Primera Demo";
				SDKROOT = iphoneos;
				SWIFT_VERSION = 5.0;
				TARGETED_DEVICE_FAMILY = "1,2";
				VALIDATE_PRODUCT = YES;
			};
			name = Release;
		};
		A17343E626FCC037003C4B0B /* Debug */ = {
			isa = XCBuildConfiguration;
			buildSettings = {
				ASSETCATALOG_COMPILER_APPICON_NAME = AppIcon;
				ASSETCATALOG_COMPILER_GLOBAL_ACCENT_COLOR_NAME = AccentColor;
				CODE_SIGN_ENTITLEMENTS = macOS/macOS.entitlements;
				CODE_SIGN_STYLE = Automatic;
				COMBINE_HIDPI_IMAGES = YES;
				ENABLE_PREVIEWS = YES;
				INFOPLIST_FILE = macOS/Info.plist;
				LD_RUNPATH_SEARCH_PATHS = (
					"$(inherited)",
					"@executable_path/../Frameworks",
				);
				MACOSX_DEPLOYMENT_TARGET = 11.0;
				PRODUCT_BUNDLE_IDENTIFIER = "aripoll.es.Mi-Primera-Demo";
				PRODUCT_NAME = "Mi Primera Demo";
				SDKROOT = macosx;
				SWIFT_VERSION = 5.0;
			};
			name = Debug;
		};
		A17343E726FCC037003C4B0B /* Release */ = {
			isa = XCBuildConfiguration;
			buildSettings = {
				ASSETCATALOG_COMPILER_APPICON_NAME = AppIcon;
				ASSETCATALOG_COMPILER_GLOBAL_ACCENT_COLOR_NAME = AccentColor;
				CODE_SIGN_ENTITLEMENTS = macOS/macOS.entitlements;
				CODE_SIGN_STYLE = Automatic;
				COMBINE_HIDPI_IMAGES = YES;
				ENABLE_PREVIEWS = YES;
				INFOPLIST_FILE = macOS/Info.plist;
				LD_RUNPATH_SEARCH_PATHS = (
					"$(inherited)",
					"@executable_path/../Frameworks",
				);
				MACOSX_DEPLOYMENT_TARGET = 11.0;
				PRODUCT_BUNDLE_IDENTIFIER = "aripoll.es.Mi-Primera-Demo";
				PRODUCT_NAME = "Mi Primera Demo";
				SDKROOT = macosx;
				SWIFT_VERSION = 5.0;
			};
			name = Release;
		};
/* End XCBuildConfiguration section */

/* Begin XCConfigurationList section */
		A17343C526FCC035003C4B0B /* Build configuration list for PBXProject "Mi Primera Demo" */ = {
			isa = XCConfigurationList;
			buildConfigurations = (
				A17343E026FCC037003C4B0B /* Debug */,
				A17343E126FCC037003C4B0B /* Release */,
			);
			defaultConfigurationIsVisible = 0;
			defaultConfigurationName = Release;
		};
		A17343E226FCC037003C4B0B /* Build configuration list for PBXNativeTarget "Mi Primera Demo (iOS)" */ = {
			isa = XCConfigurationList;
			buildConfigurations = (
				A17343E326FCC037003C4B0B /* Debug */,
				A17343E426FCC037003C4B0B /* Release */,
			);
			defaultConfigurationIsVisible = 0;
			defaultConfigurationName = Release;
		};
		A17343E526FCC037003C4B0B /* Build configuration list for PBXNativeTarget "Mi Primera Demo (macOS)" */ = {
			isa = XCConfigurationList;
			buildConfigurations = (
				A17343E626FCC037003C4B0B /* Debug */,
				A17343E726FCC037003C4B0B /* Release */,
			);
			defaultConfigurationIsVisible = 0;
			defaultConfigurationName = Release;
		};
/* End XCConfigurationList section */
	};
	rootObject = A17343C226FCC035003C4B0B /* Project object */;
}
